
Microsoft Visual Studio Solution File, Format Version 12.00
# Visual Studio Version 17
VisualStudioVersion = 17.3.32804.467
MinimumVisualStudioVersion = 10.0.40219.1
Project("{FAE04EC0-301F-11D3-BF4B-00C04F79EFBC}") = "PROD", "PROD\PROD.csproj", "{2961C106-9789-499B-B4CA-DFA590E98FB3}"
EndProject
Project("{FAE04EC0-301F-11D3-BF4B-00C04F79EFBC}") = "DAL", "DAL\DAL.csproj", "{474B7766-226A-4C0C-A8FD-8BC12217D870}"
EndProject
Global
	GlobalSection(SolutionConfigurationPlatforms) = preSolution
		Debug|Any CPU = Debug|Any CPU
		Release|Any CPU = Release|Any CPU
	EndGlobalSection
	GlobalSection(ProjectConfigurationPlatforms) = postSolution
		{2961C106-9789-499B-B4CA-DFA590E98FB3}.Debug|Any CPU.ActiveCfg = Debug|Any CPU
		{2961C106-9789-499B-B4CA-DFA590E98FB3}.Debug|Any CPU.Build.0 = Debug|Any CPU
		{2961C106-9789-499B-B4CA-DFA590E98FB3}.Release|Any CPU.ActiveCfg = Release|Any CPU
		{2961C106-9789-499B-B4CA-DFA590E98FB3}.Release|Any CPU.Build.0 = Release|Any CPU
		{474B7766-226A-4C0C-A8FD-8BC12217D870}.Debug|Any CPU.ActiveCfg = Debug|Any CPU
		{474B7766-226A-4C0C-A8FD-8BC12217D870}.Debug|Any CPU.Build.0 = Debug|Any CPU
		{474B7766-226A-4C0C-A8FD-8BC12217D870}.Release|Any CPU.ActiveCfg = Release|Any CPU
		{474B7766-226A-4C0C-A8FD-8BC12217D870}.Release|Any CPU.Build.0 = Release|Any CPU
	EndGlobalSection
	GlobalSection(SolutionProperties) = preSolution
		HideSolutionNode = FALSE
	EndGlobalSection
	GlobalSection(ExtensibilityGlobals) = postSolution
		SolutionGuid = {8CDB3E3A-5B31-4FCF-85C6-00CC26F3980E}
	EndGlobalSection
EndGlobal
